lockfileVersion: '9.0'

settings:
  autoInstallPeers: true
  excludeLinksFromLockfile: false

importers:

  .:
    devDependencies:
      '@xterm/addon-web-links':
        specifier: ^0.10.0
        version: 0.10.0(@xterm/xterm@5.5.0)
      untildify:
        specifier: ^4.0.0
        version: 4.0.0

packages:

  '@xterm/addon-web-links@0.10.0':
    resolution: {integrity: sha512-QhrHCUr8w6ATGviyXwcAIM1qN3nD1hdxwMC8fsW7z/6aaQlb2nt7zmByJt4eOn7ZzrHOzczljqV5S2pkdQp2xw==}
    peerDependencies:
      '@xterm/xterm': ^5.0.0

  '@xterm/xterm@5.5.0':
    resolution: {integrity: sha512-hqJHYaQb5OptNunnyAnkHyM8aCjZ1MEIDTQu1iIbbTD/xops91NB5yq1ZK/dC2JDbVWtF23zUtl9JE2NqwT87A==}

  untildify@4.0.0:
    resolution: {integrity: sha512-KK8xQ1mkzZeg9inewmFVDNkg3l5LUhoq9kN6iWYB/CC9YMG8HA+c1Q8HwDe6dEX7kErrEVNVBO3fWsVq5iDgtw==}
    engines: {node: '>=8'}

snapshots:

  '@xterm/addon-web-links@0.10.0(@xterm/xterm@5.5.0)':
    dependencies:
      '@xterm/xterm': 5.5.0

  '@xterm/xterm@5.5.0': {}

  untildify@4.0.0: {}
